// !$*UTF8*$!
{
	archiveVersion = 1;
	classes = {
	};
	objectVersion = 48;
	objects = {

/* Begin PBXBuildFile section */
		52305A0E1EECB79700A6D1FF /* AppDelegate.swift in Sources */ = {isa = PBXBuildFile; fileRef = 52305A0D1EECB79700A6D1FF /* AppDelegate.swift */; };
		52305A101EECB79700A6D1FF /* ViewController.swift in Sources */ = {isa = PBXBuildFile; fileRef = 52305A0F1EECB79700A6D1FF /* ViewController.swift */; };
		52305A131EECB79700A6D1FF /* Main.storyboard in Resources */ = {isa = PBXBuildFile; fileRef = 52305A111EECB79700A6D1FF /* Main.storyboard */; };
		52305A151EECB79700A6D1FF /* Assets.xcassets in Resources */ = {isa = PBXBuildFile; fileRef = 52305A141EECB79700A6D1FF /* Assets.xcassets */; };
		52305A181EECB79700A6D1FF /* LaunchScreen.storyboard in Resources */ = {isa = PBXBuildFile; fileRef = 52305A161EECB79700A6D1FF /* LaunchScreen.storyboard */; };
		52305A231EECB79800A6D1FF /* DetectorDeObjetosTests.swift in Sources */ = {isa = PBXBuildFile; fileRef = 52305A221EECB79800A6D1FF /* DetectorDeObjetosTests.swift */; };
		52305A2E1EECB79800A6D1FF /* DetectorDeObjetosUITests.swift in Sources */ = {isa = PBXBuildFile; fileRef = 52305A2D1EECB79800A6D1FF /* DetectorDeObjetosUITests.swift */; };
/* End PBXBuildFile section */

/* Begin PBXContainerItemProxy section */
		52305A1F1EECB79800A6D1FF /* PBXContainerItemProxy */ = {
			isa = PBXContainerItemProxy;
			containerPortal = 52305A021EECB79700A6D1FF /* Project object */;
			proxyType = 1;
			remoteGlobalIDString = 52305A091EECB79700A6D1FF;
			remoteInfo = DetectorDeObjetos;
		};
		52305A2A1EECB79800A6D1FF /* PBXContainerItemProxy */ = {
			isa = PBXContainerItemProxy;
			containerPortal = 52305A021EECB79700A6D1FF /* Project object */;
			proxyType = 1;
			remoteGlobalIDString = 52305A091EECB79700A6D1FF;
			remoteInfo = DetectorDeObjetos;
		};
/* End PBXContainerItemProxy section */

/* Begin PBXFileReference section */
		52305A0A1EECB79700A6D1FF /* DetectorDeObjetos.app */ = {isa = PBXFileReference; explicitFileType = wrapper.application; includeInIndex = 0; path = DetectorDeObjetos.app; sourceTree = BUILT_PRODUCTS_DIR; };
		52305A0D1EECB79700A6D1FF /* AppDelegate.swift */ = {isa = PBXFileReference; lastKnownFileType = sourcecode.swift; path = AppDelegate.swift; sourceTree = "<group>"; };
		52305A0F1EECB79700A6D1FF /* ViewController.swift */ = {isa = PBXFileReference; lastKnownFileType = sourcecode.swift; path = ViewController.swift; sourceTree = "<group>"; };
		52305A121EECB79700A6D1FF /* Base */ = {isa = PBXFileReference; lastKnownFileType = file.storyboard; name = Base; path = Base.lproj/Main.storyboard; sourceTree = "<group>"; };
		52305A141EECB79700A6D1FF /* Assets.xcassets */ = {isa = PBXFileReference; lastKnownFileType = folder.assetcatalog; path = Assets.xcassets; sourceTree = "<group>"; };
		52305A171EECB79700A6D1FF /* Base */ = {isa = PBXFileReference; lastKnownFileType = file.storyboard; name = Base; path = Base.lproj/LaunchScreen.storyboard; sourceTree = "<group>"; };
		52305A191EECB79800A6D1FF /* Info.plist */ = {isa = PBXFileReference; lastKnownFileType = text.plist.xml; path = Info.plist; sourceTree = "<group>"; };
		52305A1E1EECB79800A6D1FF /* DetectorDeObjetosTests.xctest */ = {isa = PBXFileReference; explicitFileType = wrapper.cfbundle; includeInIndex = 0; path = DetectorDeObjetosTests.xctest; sourceTree = BUILT_PRODUCTS_DIR; };
		52305A221EECB79800A6D1FF /* DetectorDeObjetosTests.swift */ = {isa = PBXFileReference; lastKnownFileType = sourcecode.swift; path = DetectorDeObjetosTests.swift; sourceTree = "<group>"; };
		52305A241EECB79800A6D1FF /* Info.plist */ = {isa = PBXFileReference; lastKnownFileType = text.plist.xml; path = Info.plist; sourceTree = "<group>"; };
		52305A291EECB79800A6D1FF /* DetectorDeObjetosUITests.xctest */ = {isa = PBXFileReference; explicitFileType = wrapper.cfbundle; includeInIndex = 0; path = DetectorDeObjetosUITests.xctest; sourceTree = BUILT_PRODUCTS_DIR; };
		52305A2D1EECB79800A6D1FF /* DetectorDeObjetosUITests.swift */ = {isa = PBXFileReference; lastKnownFileType = sourcecode.swift; path = DetectorDeObjetosUITests.swift; sourceTree = "<group>"; };
		52305A2F1EECB79800A6D1FF /* Info.plist */ = {isa = PBXFileReference; lastKnownFileType = text.plist.xml; path = Info.plist; sourceTree = "<group>"; };
/* End PBXFileReference section */

/* Begin PBXFrameworksBuildPhase section */
		52305A071EECB79700A6D1FF /* Frameworks */ = {
			isa = PBXFrameworksBuildPhase;
			buildActionMask = 2147483647;
			files = (
			);
			runOnlyForDeploymentPostprocessing = 0;
		};
		52305A1B1EECB79800A6D1FF /* Frameworks */ = {
			isa = PBXFrameworksBuildPhase;
			buildActionMask = 2147483647;
			files = (
			);
			runOnlyForDeploymentPostprocessing = 0;
		};
		52305A261EECB79800A6D1FF /* Frameworks */ = {
			isa = PBXFrameworksBuildPhase;
			buildActionMask = 2147483647;
			files = (
			);
			runOnlyForDeploymentPostprocessing = 0;
		};
/* End PBXFrameworksBuildPhase section */

/* Begin PBXGroup section */
		52305A011EECB79700A6D1FF = {
			isa = PBXGroup;
			children = (
				52305A0C1EECB79700A6D1FF /* DetectorDeObjetos */,
				52305A211EECB79800A6D1FF /* DetectorDeObjetosTests */,
				52305A2C1EECB79800A6D1FF /* DetectorDeObjetosUITests */,
				52305A0B1EECB79700A6D1FF /* Products */,
			);
			sourceTree = "<group>";
		};
		52305A0B1EECB79700A6D1FF /* Products */ = {
			isa = PBXGroup;
			children = (
				52305A0A1EECB79700A6D1FF /* DetectorDeObjetos.app */,
				52305A1E1EECB79800A6D1FF /* DetectorDeObjetosTests.xctest */,
				52305A291EECB79800A6D1FF /* DetectorDeObjetosUITests.xctest */,
			);
			name = Products;
			sourceTree = "<group>";
		};
		52305A0C1EECB79700A6D1FF /* DetectorDeObjetos */ = {
			isa = PBXGroup;
			children = (
				52305A0D1EECB79700A6D1FF /* AppDelegate.swift */,
				52305A0F1EECB79700A6D1FF /* ViewController.swift */,
				52305A111EECB79700A6D1FF /* Main.storyboard */,
				52305A141EECB79700A6D1FF /* Assets.xcassets */,
				52305A161EECB79700A6D1FF /* LaunchScreen.storyboard */,
				52305A191EECB79800A6D1FF /* Info.plist */,
			);
			path = DetectorDeObjetos;
			sourceTree = "<group>";
		};
		52305A211EECB79800A6D1FF /* DetectorDeObjetosTests */ = {
			isa = PBXGroup;
			children = (
				52305A221EECB79800A6D1FF /* DetectorDeObjetosTests.swift */,
				52305A241EECB79800A6D1FF /* Info.plist */,
			);
			path = DetectorDeObjetosTests;
			sourceTree = "<group>";
		};
		52305A2C1EECB79800A6D1FF /* DetectorDeObjetosUITests */ = {
			isa = PBXGroup;
			children = (
				52305A2D1EECB79800A6D1FF /* DetectorDeObjetosUITests.swift */,
				52305A2F1EECB79800A6D1FF /* Info.plist */,
			);
			path = DetectorDeObjetosUITests;
			sourceTree = "<group>";
		};
/* End PBXGroup section */

/* Begin PBXNativeTarget section */
		52305A091EECB79700A6D1FF /* DetectorDeObjetos */ = {
			isa = PBXNativeTarget;
			buildConfigurationList = 52305A321EECB79800A6D1FF /* Build configuration list for PBXNativeTarget "DetectorDeObjetos" */;
			buildPhases = (
				52305A061EECB79700A6D1FF /* Sources */,
				52305A071EECB79700A6D1FF /* Frameworks */,
				52305A081EECB79700A6D1FF /* Resources */,
			);
			buildRules = (
			);
			dependencies = (
			);
			name = DetectorDeObjetos;
			productName = DetectorDeObjetos;
			productReference = 52305A0A1EECB79700A6D1FF /* DetectorDeObjetos.app */;
			productType = "com.apple.product-type.application";
		};
		52305A1D1EECB79800A6D1FF /* DetectorDeObjetosTests */ = {
			isa = PBXNativeTarget;
			buildConfigurationList = 52305A351EECB79800A6D1FF /* Build configuration list for PBXNativeTarget "DetectorDeObjetosTests" */;
			buildPhases = (
				52305A1A1EECB79800A6D1FF /* Sources */,
				52305A1B1EECB79800A6D1FF /* Frameworks */,
				52305A1C1EECB79800A6D1FF /* Resources */,
			);
			buildRules = (
			);
			dependencies = (
				52305A201EECB79800A6D1FF /* PBXTargetDependency */,
			);
			name = DetectorDeObjetosTests;
			productName = DetectorDeObjetosTests;
			productReference = 52305A1E1EECB79800A6D1FF /* DetectorDeObjetosTests.xctest */;
			productType = "com.apple.product-type.bundle.unit-test";
		};
		52305A281EECB79800A6D1FF /* DetectorDeObjetosUITests */ = {
			isa = PBXNativeTarget;
			buildConfigurationList = 52305A381EECB79800A6D1FF /* Build configuration list for PBXNativeTarget "DetectorDeObjetosUITests" */;
			buildPhases = (
				52305A251EECB79800A6D1FF /* Sources */,
				52305A261EECB79800A6D1FF /* Frameworks */,
				52305A271EECB79800A6D1FF /* Resources */,
			);
			buildRules = (
			);
			dependencies = (
				52305A2B1EECB79800A6D1FF /* PBXTargetDependency */,
			);
			name = DetectorDeObjetosUITests;
			productName = DetectorDeObjetosUITests;
			productReference = 52305A291EECB79800A6D1FF /* DetectorDeObjetosUITests.xctest */;
			productType = "com.apple.product-type.bundle.ui-testing";
		};
/* End PBXNativeTarget section */

/* Begin PBXProject section */
		52305A021EECB79700A6D1FF /* Project object */ = {
			isa = PBXProject;
			attributes = {
				LastSwiftUpdateCheck = 0900;
				LastUpgradeCheck = 0900;
				ORGANIZATIONNAME = "Jhoney Lopes";
				TargetAttributes = {
					52305A091EECB79700A6D1FF = {
						CreatedOnToolsVersion = 9.0;
					};
					52305A1D1EECB79800A6D1FF = {
						CreatedOnToolsVersion = 9.0;
						TestTargetID = 52305A091EECB79700A6D1FF;
					};
					52305A281EECB79800A6D1FF = {
						CreatedOnToolsVersion = 9.0;
						TestTargetID = 52305A091EECB79700A6D1FF;
					};
				};
			};
			buildConfigurationList = 52305A051EECB79700A6D1FF /* Build configuration list for PBXProject "DetectorDeObjetos" */;
			compatibilityVersion = "Xcode 8.0";
			developmentRegion = en;
			hasScannedForEncodings = 0;
			knownRegions = (
				en,
				Base,
			);
			mainGroup = 52305A011EECB79700A6D1FF;
			productRefGroup = 52305A0B1EECB79700A6D1FF /* Products */;
			projectDirPath = "";
			projectRoot = "";
			targets = (
				52305A091EECB79700A6D1FF /* DetectorDeObjetos */,
				52305A1D1EECB79800A6D1FF /* DetectorDeObjetosTests */,
				52305A281EECB79800A6D1FF /* DetectorDeObjetosUITests */,
			);
		};
/* End PBXProject section */

/* Begin PBXResourcesBuildPhase section */
		52305A081EECB79700A6D1FF /* Resources */ = {
			isa = PBXResourcesBuildPhase;
			buildActionMask = 2147483647;
			files = (
				52305A181EECB79700A6D1FF /* LaunchScreen.storyboard in Resources */,
				52305A151EECB79700A6D1FF /* Assets.xcassets in Resources */,
				52305A131EECB79700A6D1FF /* Main.storyboard in Resources */,
			);
			runOnlyForDeploymentPostprocessing = 0;
		};
		52305A1C1EECB79800A6D1FF /* Resources */ = {
			isa = PBXResourcesBuildPhase;
			buildActionMask = 2147483647;
			files = (
			);
			runOnlyForDeploymentPostprocessing = 0;
		};
		52305A271EECB79800A6D1FF /* Resources */ = {
			isa = PBXResourcesBuildPhase;
			buildActionMask = 2147483647;
			files = (
			);
			runOnlyForDeploymentPostprocessing = 0;
		};
/* End PBXResourcesBuildPhase section */

/* Begin PBXSourcesBuildPhase section */
		52305A061EECB79700A6D1FF /* Sources */ = {
			isa = PBXSourcesBuildPhase;
			buildActionMask = 2147483647;
			files = (
				52305A101EECB79700A6D1FF /* ViewController.swift in Sources */,
				52305A0E1EECB79700A6D1FF /* AppDelegate.swift in Sources */,
			);
			runOnlyForDeploymentPostprocessing = 0;
		};
		52305A1A1EECB79800A6D1FF /* Sources */ = {
			isa = PBXSourcesBuildPhase;
			buildActionMask = 2147483647;
			files = (
				52305A231EECB79800A6D1FF /* DetectorDeObjetosTests.swift in Sources */,
			);
			runOnlyForDeploymentPostprocessing = 0;
		};
		52305A251EECB79800A6D1FF /* Sources */ = {
			isa = PBXSourcesBuildPhase;
			buildActionMask = 2147483647;
			files = (
				52305A2E1EECB79800A6D1FF /* DetectorDeObjetosUITests.swift in Sources */,
			);
			runOnlyForDeploymentPostprocessing = 0;
		};
/* End PBXSourcesBuildPhase section */

/* Begin PBXTargetDependency section */
		52305A201EECB79800A6D1FF /* PBXTargetDependency */ = {
			isa = PBXTargetDependency;
			target = 52305A091EECB79700A6D1FF /* DetectorDeObjetos */;
			targetProxy = 52305A1F1EECB79800A6D1FF /* PBXContainerItemProxy */;
		};
		52305A2B1EECB79800A6D1FF /* PBXTargetDependency */ = {
			isa = PBXTargetDependency;
			target = 52305A091EECB79700A6D1FF /* DetectorDeObjetos */;
			targetProxy = 52305A2A1EECB79800A6D1FF /* PBXContainerItemProxy */;
		};
/* End PBXTargetDependency section */

/* Begin PBXVariantGroup section */
		52305A111EECB79700A6D1FF /* Main.storyboard */ = {
			isa = PBXVariantGroup;
			children = (
				52305A121EECB79700A6D1FF /* Base */,
			);
			name = Main.storyboard;
			sourceTree = "<group>";
		};
		52305A161EECB79700A6D1FF /* LaunchScreen.storyboard */ = {
			isa = PBXVariantGroup;
			children = (
				52305A171EECB79700A6D1FF /* Base */,
			);
			name = LaunchScreen.storyboard;
			sourceTree = "<group>";
		};
/* End PBXVariantGroup section */

/* Begin XCBuildConfiguration section */
		52305A301EECB79800A6D1FF /* Debug */ = {
			isa = XCBuildConfiguration;
			buildSettings = {
				ALWAYS_SEARCH_USER_PATHS = NO;
				CLANG_ANALYZER_NONNULL = YES;
				CLANG_ANALYZER_NUMBER_OBJECT_CONVERSION = YES_AGGRESSIVE;
				CLANG_CXX_LANGUAGE_STANDARD = "gnu++14";
				CLANG_CXX_LIBRARY = "libc++";
				CLANG_ENABLE_MODULES = YES;
				CLANG_ENABLE_OBJC_ARC = YES;
				CLANG_WARN_BLOCK_CAPTURE_AUTORELEASING = YES;
				CLANG_WARN_BOOL_CONVERSION = YES;
				CLANG_WARN_COMMA = YES;
				CLANG_WARN_CONSTANT_CONVERSION = YES;
				CLANG_WARN_DIRECT_OBJC_ISA_USAGE = YES_ERROR;
				CLANG_WARN_DOCUMENTATION_COMMENTS = YES;
				CLANG_WARN_EMPTY_BODY = YES;
				CLANG_WARN_ENUM_CONVERSION = YES;
				CLANG_WARN_INFINITE_RECURSION = YES;
				CLANG_WARN_INT_CONVERSION = YES;
				CLANG_WARN_OBJC_ROOT_CLASS = YES_ERROR;
				CLANG_WARN_RANGE_LOOP_ANALYSIS = YES;
				CLANG_WARN_STRICT_PROTOTYPES = YES;
				CLANG_WARN_SUSPICIOUS_MOVE = YES;
				CLANG_WARN_UNGUARDED_AVAILABILITY = YES_AGGRESSIVE;
				CLANG_WARN_UNREACHABLE_CODE = YES;
				CLANG_WARN__DUPLICATE_METHOD_MATCH = YES;
				CODE_SIGN_IDENTITY = "iPhone Developer";
				COPY_PHASE_STRIP = NO;
				DEBUG_INFORMATION_FORMAT = dwarf;
				ENABLE_STRICT_OBJC_MSGSEND = YES;
				ENABLE_TESTABILITY = YES;
				GCC_C_LANGUAGE_STANDARD = gnu11;
				GCC_DYNAMIC_NO_PIC = NO;
				GCC_NO_COMMON_BLOCKS = YES;
				GCC_OPTIMIZATION_LEVEL = 0;
				GCC_PREPROCESSOR_DEFINITIONS = (
					"DEBUG=1",
					"$(inherited)",
				);
				GCC_WARN_64_TO_32_BIT_CONVERSION = YES;
				GCC_WARN_ABOUT_RETURN_TYPE = YES_ERROR;
				GCC_WARN_UNDECLARED_SELECTOR = YES;
				GCC_WARN_UNINITIALIZED_AUTOS = YES_AGGRESSIVE;
				GCC_WARN_UNUSED_FUNCTION = YES;
				GCC_WARN_UNUSED_VARIABLE = YES;
				IPHONEOS_DEPLOYMENT_TARGET = 11.0;
				MTL_ENABLE_DEBUG_INFO = YES;
				ONLY_ACTIVE_ARCH = YES;
				SDKROOT = iphoneos;
				SWIFT_ACTIVE_COMPILATION_CONDITIONS = DEBUG;
				SWIFT_OPTIMIZATION_LEVEL = "-Onone";
			};
			name = Debug;
		};
		52305A311EECB79800A6D1FF /* Release */ = {
			isa = XCBuildConfiguration;
			buildSettings = {
				ALWAYS_SEARCH_USER_PATHS = NO;
				CLANG_ANALYZER_NONNULL = YES;
				CLANG_ANALYZER_NUMBER_OBJECT_CONVERSION = YES_AGGRESSIVE;
				CLANG_CXX_LANGUAGE_STANDARD = "gnu++14";
				CLANG_CXX_LIBRARY = "libc++";
				CLANG_ENABLE_MODULES = YES;
				CLANG_ENABLE_OBJC_ARC = YES;
				CLANG_WARN_BLOCK_CAPTURE_AUTORELEASING = YES;
				CLANG_WARN_BOOL_CONVERSION = YES;
				CLANG_WARN_COMMA = YES;
				CLANG_WARN_CONSTANT_CONVERSION = YES;
				CLANG_WARN_DIRECT_OBJC_ISA_USAGE = YES_ERROR;
				CLANG_WARN_DOCUMENTATION_COMMENTS = YES;
				CLANG_WARN_EMPTY_BODY = YES;
				CLANG_WARN_ENUM_CONVERSION = YES;
				CLANG_WARN_INFINITE_RECURSION = YES;
				CLANG_WARN_INT_CONVERSION = YES;
				CLANG_WARN_OBJC_ROOT_CLASS = YES_ERROR;
				CLANG_WARN_RANGE_LOOP_ANALYSIS = YES;
				CLANG_WARN_STRICT_PROTOTYPES = YES;
				CLANG_WARN_SUSPICIOUS_MOVE = YES;
				CLANG_WARN_UNGUARDED_AVAILABILITY = YES_AGGRESSIVE;
				CLANG_WARN_UNREACHABLE_CODE = YES;
				CLANG_WARN__DUPLICATE_METHOD_MATCH = YES;
				CODE_SIGN_IDENTITY = "iPhone Developer";
				COPY_PHASE_STRIP = NO;
				DEBUG_INFORMATION_FORMAT = "dwarf-with-dsym";
				ENABLE_NS_ASSERTIONS = NO;
				ENABLE_STRICT_OBJC_MSGSEND = YES;
				GCC_C_LANGUAGE_STANDARD = gnu11;
				GCC_NO_COMMON_BLOCKS = YES;
				GCC_WARN_64_TO_32_BIT_CONVERSION = YES;
				GCC_WARN_ABOUT_RETURN_TYPE = YES_ERROR;
				GCC_WARN_UNDECLARED_SELECTOR = YES;
				GCC_WARN_UNINITIALIZED_AUTOS = YES_AGGRESSIVE;
				GCC_WARN_UNUSED_FUNCTION = YES;
				GCC_WARN_UNUSED_VARIABLE = YES;
				IPHONEOS_DEPLOYMENT_TARGET = 11.0;
				MTL_ENABLE_DEBUG_INFO = NO;
				SDKROOT = iphoneos;
				SWIFT_OPTIMIZATION_LEVEL = "-Owholemodule";
				VALIDATE_PRODUCT = YES;
			};
			name = Release;
		};
		52305A331EECB79800A6D1FF /* Debug */ = {
			isa = XCBuildConfiguration;
			buildSettings = {
				ASSETCATALOG_COMPILER_APPICON_NAME = AppIcon;
				DEVELOPMENT_TEAM = LB7D339DT6;
				INFOPLIST_FILE = DetectorDeObjetos/Info.plist;
				LD_RUNPATH_SEARCH_PATHS = "$(inherited) @executable_path/Frameworks";
				PRODUCT_BUNDLE_IDENTIFIER = com.jhoneylopes.DetectorDeObjetos;
				PRODUCT_NAME = "$(TARGET_NAME)";
				SWIFT_VERSION = 4.0;
				TARGETED_DEVICE_FAMILY = "1,2";
			};
			name = Debug;
		};
		52305A341EECB79800A6D1FF /* Release */ = {
			isa = XCBuildConfiguration;
			buildSettings = {
				ASSETCATALOG_COMPILER_APPICON_NAME = AppIcon;
				DEVELOPMENT_TEAM = LB7D339DT6;
				INFOPLIST_FILE = DetectorDeObjetos/Info.plist;
				LD_RUNPATH_SEARCH_PATHS = "$(inherited) @executable_path/Frameworks";
				PRODUCT_BUNDLE_IDENTIFIER = com.jhoneylopes.DetectorDeObjetos;
				PRODUCT_NAME = "$(TARGET_NAME)";
				SWIFT_VERSION = 4.0;
				TARGETED_DEVICE_FAMILY = "1,2";
			};
			name = Release;
		};
		52305A361EECB79800A6D1FF /* Debug */ = {
			isa = XCBuildConfiguration;
			buildSettings = {
				ALWAYS_EMBED_SWIFT_STANDARD_LIBRARIES = YES;
				BUNDLE_LOADER = "$(TEST_HOST)";
				DEVELOPMENT_TEAM = LB7D339DT6;
				INFOPLIST_FILE = DetectorDeObjetosTests/Info.plist;
				LD_RUNPATH_SEARCH_PATHS = "$(inherited) @executable_path/Frameworks @loader_path/Frameworks";
				PRODUCT_BUNDLE_IDENTIFIER = com.jhoneylopes.DetectorDeObjetosTests;
				PRODUCT_NAME = "$(TARGET_NAME)";
				SWIFT_VERSION = 4.0;
				TARGETED_DEVICE_FAMILY = "1,2";
				TEST_HOST = "$(BUILT_PRODUCTS_DIR)/DetectorDeObjetos.app/DetectorDeObjetos";
			};
			name = Debug;
		};
		52305A371EECB79800A6D1FF /* Release */ = {
			isa = XCBuildConfiguration;
			buildSettings = {
				ALWAYS_EMBED_SWIFT_STANDARD_LIBRARIES = YES;
				BUNDLE_LOADER = "$(TEST_HOST)";
				DEVELOPMENT_TEAM = LB7D339DT6;
				INFOPLIST_FILE = DetectorDeObjetosTests/Info.plist;
				LD_RUNPATH_SEARCH_PATHS = "$(inherited) @executable_path/Frameworks @loader_path/Frameworks";
				PRODUCT_BUNDLE_IDENTIFIER = com.jhoneylopes.DetectorDeObjetosTests;
				PRODUCT_NAME = "$(TARGET_NAME)";
				SWIFT_VERSION = 4.0;
				TARGETED_DEVICE_FAMILY = "1,2";
				TEST_HOST = "$(BUILT_PRODUCTS_DIR)/DetectorDeObjetos.app/DetectorDeObjetos";
			};
			name = Release;
		};
		52305A391EECB79800A6D1FF /* Debug */ = {
			isa = XCBuildConfiguration;
			buildSettings = {
				ALWAYS_EMBED_SWIFT_STANDARD_LIBRARIES = YES;
				DEVELOPMENT_TEAM = LB7D339DT6;
				INFOPLIST_FILE = DetectorDeObjetosUITests/Info.plist;
				LD_RUNPATH_SEARCH_PATHS = "$(inherited) @executable_path/Frameworks @loader_path/Frameworks";
				PRODUCT_BUNDLE_IDENTIFIER = com.jhoneylopes.DetectorDeObjetosUITests;
				PRODUCT_NAME = "$(TARGET_NAME)";
				SWIFT_VERSION = 4.0;
				TARGETED_DEVICE_FAMILY = "1,2";
				TEST_TARGET_NAME = DetectorDeObjetos;
			};
			name = Debug;
		};
		52305A3A1EECB79800A6D1FF /* Release */ = {
			isa = XCBuildConfiguration;
			buildSettings = {
				ALWAYS_EMBED_SWIFT_STANDARD_LIBRARIES = YES;
				DEVELOPMENT_TEAM = LB7D339DT6;
				INFOPLIST_FILE = DetectorDeObjetosUITests/Info.plist;
				LD_RUNPATH_SEARCH_PATHS = "$(inherited) @executable_path/Frameworks @loader_path/Frameworks";
				PRODUCT_BUNDLE_IDENTIFIER = com.jhoneylopes.DetectorDeObjetosUITests;
				PRODUCT_NAME = "$(TARGET_NAME)";
				SWIFT_VERSION = 4.0;
				TARGETED_DEVICE_FAMILY = "1,2";
				TEST_TARGET_NAME = DetectorDeObjetos;
			};
			name = Release;
		};
/* End XCBuildConfiguration section */

/* Begin XCConfigurationList section */
		52305A051EECB79700A6D1FF /* Build configuration list for PBXProject "DetectorDeObjetos" */ = {
			isa = XCConfigurationList;
			buildConfigurations = (
				52305A301EECB79800A6D1FF /* Debug */,
				52305A311EECB79800A6D1FF /* Release */,
			);
			defaultConfigurationIsVisible = 0;
			defaultConfigurationName = Release;
		};
		52305A321EECB79800A6D1FF /* Build configuration list for PBXNativeTarget "DetectorDeObjetos" */ = {
			isa = XCConfigurationList;
			buildConfigurations = (
				52305A331EECB79800A6D1FF /* Debug */,
				52305A341EECB79800A6D1FF /* Release */,
			);
			defaultConfigurationIsVisible = 0;
		};
		52305A351EECB79800A6D1FF /* Build configuration list for PBXNativeTarget "DetectorDeObjetosTests" */ = {
			isa = XCConfigurationList;
			buildConfigurations = (
				52305A361EECB79800A6D1FF /* Debug */,
				52305A371EECB79800A6D1FF /* Release */,
			);
			defaultConfigurationIsVisible = 0;
		};
		52305A381EECB79800A6D1FF /* Build configuration list for PBXNativeTarget "DetectorDeObjetosUITests" */ = {
			isa = XCConfigurationList;
			buildConfigurations = (
				52305A391EECB79800A6D1FF /* Debug */,
				52305A3A1EECB79800A6D1FF /* Release */,
			);
			defaultConfigurationIsVisible = 0;
		};
/* End XCConfigurationList section */
	};
	rootObject = 52305A021EECB79700A6D1FF /* Project object */;
}
